// !$*UTF8*$!
{
	archiveVersion = 1;
	classes = {
	};
	objectVersion = 46;
	objects = {

/* Begin PBXBuildFile section */
		D81DC2951D393D8B00D48FCD /* MFSideMenu.h in Headers */ = {isa = PBXBuildFile; fileRef = D81DC2941D393D8B00D48FCD /* MFSideMenu.h */; settings = {ATTRIBUTES = (Public, ); }; };
		D81DC2A41D393DD800D48FCD /* MFSideMenuContainerViewController.h in Headers */ = {isa = PBXBuildFile; fileRef = D81DC29D1D393DD800D48FCD /* MFSideMenuContainerViewController.h */; settings = {ATTRIBUTES = (Public, ); }; };
		D81DC2A51D393DD800D48FCD /* MFSideMenuContainerViewController.m in Sources */ = {isa = PBXBuildFile; fileRef = D81DC29E1D393DD800D48FCD /* MFSideMenuContainerViewController.m */; };
		D81DC2A61D393DD800D48FCD /* MFSideMenuShadow.h in Headers */ = {isa = PBXBuildFile; fileRef = D81DC29F1D393DD800D48FCD /* MFSideMenuShadow.h */; settings = {ATTRIBUTES = (Public, ); }; };
		D81DC2A71D393DD800D48FCD /* MFSideMenuShadow.m in Sources */ = {isa = PBXBuildFile; fileRef = D81DC2A01D393DD800D48FCD /* MFSideMenuShadow.m */; };
		D81DC2A81D393DD800D48FCD /* UIViewController+MFSideMenuAdditions.h in Headers */ = {isa = PBXBuildFile; fileRef = D81DC2A11D393DD800D48FCD /* UIViewController+MFSideMenuAdditions.h */; settings = {ATTRIBUTES = (Public, ); }; };
		D81DC2A91D393DD800D48FCD /* UIViewController+MFSideMenuAdditions.m in Sources */ = {isa = PBXBuildFile; fileRef = D81DC2A21D393DD800D48FCD /* UIViewController+MFSideMenuAdditions.m */; };
/* End PBXBuildFile section */

/* Begin PBXFileReference section */
		D81DC2911D393D8B00D48FCD /* MFSideMenu.framework */ = {isa = PBXFileReference; explicitFileType = wrapper.framework; includeInIndex = 0; path = MFSideMenu.framework; sourceTree = BUILT_PRODUCTS_DIR; };
		D81DC2941D393D8B00D48FCD /* MFSideMenu.h */ = {isa = PBXFileReference; lastKnownFileType = sourcecode.c.h; path = MFSideMenu.h; sourceTree = "<group>"; };
		D81DC2961D393D8B00D48FCD /* Info.plist */ = {isa = PBXFileReference; lastKnownFileType = text.plist.xml; path = Info.plist; sourceTree = "<group>"; };
		D81DC29C1D393DD800D48FCD /* Info.plist */ = {isa = PBXFileReference; fileEncoding = 4; lastKnownFileType = text.plist.xml; path = Info.plist; sourceTree = "<group>"; };
		D81DC29D1D393DD800D48FCD /* MFSideMenuContainerViewController.h */ = {isa = PBXFileReference; fileEncoding = 4; lastKnownFileType = sourcecode.c.h; path = MFSideMenuContainerViewController.h; sourceTree = "<group>"; };
		D81DC29E1D393DD800D48FCD /* MFSideMenuContainerViewController.m */ = {isa = PBXFileReference; fileEncoding = 4; lastKnownFileType = sourcecode.c.objc; path = MFSideMenuContainerViewController.m; sourceTree = "<group>"; };
		D81DC29F1D393DD800D48FCD /* MFSideMenuShadow.h */ = {isa = PBXFileReference; fileEncoding = 4; lastKnownFileType = sourcecode.c.h; path = MFSideMenuShadow.h; sourceTree = "<group>"; };
		D81DC2A01D393DD800D48FCD /* MFSideMenuShadow.m */ = {isa = PBXFileReference; fileEncoding = 4; lastKnownFileType = sourcecode.c.objc; path = MFSideMenuShadow.m; sourceTree = "<group>"; };
		D81DC2A11D393DD800D48FCD /* UIViewController+MFSideMenuAdditions.h */ = {isa = PBXFileReference; fileEncoding = 4; lastKnownFileType = sourcecode.c.h; path = "UIViewController+MFSideMenuAdditions.h"; sourceTree = "<group>"; };
		D81DC2A21D393DD800D48FCD /* UIViewController+MFSideMenuAdditions.m */ = {isa = PBXFileReference; fileEncoding = 4; lastKnownFileType = sourcecode.c.objc; path = "UIViewController+MFSideMenuAdditions.m"; sourceTree = "<group>"; };
/* End PBXFileReference section */

/* Begin PBXFrameworksBuildPhase section */
		D81DC28D1D393D8B00D48FCD /* Frameworks */ = {
			isa = PBXFrameworksBuildPhase;
			buildActionMask = 2147483647;
			files = (
			);
			runOnlyForDeploymentPostprocessing = 0;
		};
/* End PBXFrameworksBuildPhase section */

/* Begin PBXGroup section */
		D81DC2871D393D8B00D48FCD = {
			isa = PBXGroup;
			children = (
				D81DC2931D393D8B00D48FCD /* MFSideMenu */,
				D81DC2921D393D8B00D48FCD /* Products */,
			);
			sourceTree = "<group>";
		};
		D81DC2921D393D8B00D48FCD /* Products */ = {
			isa = PBXGroup;
			children = (
				D81DC2911D393D8B00D48FCD /* MFSideMenu.framework */,
			);
			name = Products;
			sourceTree = "<group>";
		};
		D81DC2931D393D8B00D48FCD /* MFSideMenu */ = {
			isa = PBXGroup;
			children = (
				D81DC29C1D393DD800D48FCD /* Info.plist */,
				D81DC29D1D393DD800D48FCD /* MFSideMenuContainerViewController.h */,
				D81DC29E1D393DD800D48FCD /* MFSideMenuContainerViewController.m */,
				D81DC29F1D393DD800D48FCD /* MFSideMenuShadow.h */,
				D81DC2A01D393DD800D48FCD /* MFSideMenuShadow.m */,
				D81DC2A11D393DD800D48FCD /* UIViewController+MFSideMenuAdditions.h */,
				D81DC2A21D393DD800D48FCD /* UIViewController+MFSideMenuAdditions.m */,
				D81DC2941D393D8B00D48FCD /* MFSideMenu.h */,
				D81DC2961D393D8B00D48FCD /* Info.plist */,
			);
			path = MFSideMenu;
			sourceTree = "<group>";
		};
/* End PBXGroup section */

/* Begin PBXHeadersBuildPhase section */
		D81DC28E1D393D8B00D48FCD /* Headers */ = {
			isa = PBXHeadersBuildPhase;
			buildActionMask = 2147483647;
			files = (
				D81DC2A41D393DD800D48FCD /* MFSideMenuContainerViewController.h in Headers */,
				D81DC2A81D393DD800D48FCD /* UIViewController+MFSideMenuAdditions.h in Headers */,
				D81DC2A61D393DD800D48FCD /* MFSideMenuShadow.h in Headers */,
				D81DC2951D393D8B00D48FCD /* MFSideMenu.h in Headers */,
			);
			runOnlyForDeploymentPostprocessing = 0;
		};
/* End PBXHeadersBuildPhase section */

/* Begin PBXNativeTarget section */
		D81DC2901D393D8B00D48FCD /* MFSideMenu */ = {
			isa = PBXNativeTarget;
			buildConfigurationList = D81DC2991D393D8B00D48FCD /* Build configuration list for PBXNativeTarget "MFSideMenu" */;
			buildPhases = (
				D81DC28C1D393D8B00D48FCD /* Sources */,
				D81DC28D1D393D8B00D48FCD /* Frameworks */,
				D81DC28E1D393D8B00D48FCD /* Headers */,
				D81DC28F1D393D8B00D48FCD /* Resources */,
			);
			buildRules = (
			);
			dependencies = (
			);
			name = MFSideMenu;
			productName = MFSideMenu;
			productReference = D81DC2911D393D8B00D48FCD /* MFSideMenu.framework */;
			productType = "com.apple.product-type.framework";
		};
/* End PBXNativeTarget section */

/* Begin PBXProject section */
		D81DC2881D393D8B00D48FCD /* Project object */ = {
			isa = PBXProject;
			attributes = {
				LastUpgradeCheck = 0730;
				ORGANIZATIONNAME = Kilograpp;
				TargetAttributes = {
					D81DC2901D393D8B00D48FCD = {
						CreatedOnToolsVersion = 7.3.1;
					};
				};
			};
			buildConfigurationList = D81DC28B1D393D8B00D48FCD /* Build configuration list for PBXProject "MFSideMenu" */;
			compatibilityVersion = "Xcode 3.2";
			developmentRegion = English;
			hasScannedForEncodings = 0;
			knownRegions = (
				en,
			);
			mainGroup = D81DC2871D393D8B00D48FCD;
			productRefGroup = D81DC2921D393D8B00D48FCD /* Products */;
			projectDirPath = "";
			projectRoot = "";
			targets = (
				D81DC2901D393D8B00D48FCD /* MFSideMenu */,
			);
		};
/* End PBXProject section */

/* Begin PBXResourcesBuildPhase section */
		D81DC28F1D393D8B00D48FCD /* Resources */ = {
			isa = PBXResourcesBuildPhase;
			buildActionMask = 2147483647;
			files = (
			);
			runOnlyForDeploymentPostprocessing = 0;
		};
/* End PBXResourcesBuildPhase section */

/* Begin PBXSourcesBuildPhase section */
		D81DC28C1D393D8B00D48FCD /* Sources */ = {
			isa = PBXSourcesBuildPhase;
			buildActionMask = 2147483647;
			files = (
				D81DC2A91D393DD800D48FCD /* UIViewController+MFSideMenuAdditions.m in Sources */,
				D81DC2A71D393DD800D48FCD /* MFSideMenuShadow.m in Sources */,
				D81DC2A51D393DD800D48FCD /* MFSideMenuContainerViewController.m in Sources */,
			);
			runOnlyForDeploymentPostprocessing = 0;
		};
/* End PBXSourcesBuildPhase section */

/* Begin XCBuildConfiguration section */
		D81DC2971D393D8B00D48FCD /* Debug */ = {
			isa = XCBuildConfiguration;
			buildSettings = {
				ALWAYS_SEARCH_USER_PATHS = NO;
				CLANG_ANALYZER_NONNULL = YES;
				CLANG_CXX_LANGUAGE_STANDARD = "gnu++0x";
				CLANG_CXX_LIBRARY = "libc++";
				CLANG_ENABLE_MODULES = YES;
				CLANG_ENABLE_OBJC_ARC = YES;
				CLANG_WARN_BOOL_CONVERSION = YES;
				CLANG_WARN_CONSTANT_CONVERSION = YES;
				CLANG_WARN_DIRECT_OBJC_ISA_USAGE = YES_ERROR;
				CLANG_WARN_EMPTY_BODY = YES;
				CLANG_WARN_ENUM_CONVERSION = YES;
				CLANG_WARN_INT_CONVERSION = YES;
				CLANG_WARN_OBJC_ROOT_CLASS = YES_ERROR;
				CLANG_WARN_UNREACHABLE_CODE = YES;
				CLANG_WARN__DUPLICATE_METHOD_MATCH = YES;
				"CODE_SIGN_IDENTITY[sdk=iphoneos*]" = "iPhone Developer";
				COPY_PHASE_STRIP = NO;
				CURRENT_PROJECT_VERSION = 1;
				DEBUG_INFORMATION_FORMAT = dwarf;
				ENABLE_STRICT_OBJC_MSGSEND = YES;
				ENABLE_TESTABILITY = YES;
				GCC_C_LANGUAGE_STANDARD = gnu99;
				GCC_DYNAMIC_NO_PIC = NO;
				GCC_NO_COMMON_BLOCKS = YES;
				GCC_OPTIMIZATION_LEVEL = 0;
				GCC_PREPROCESSOR_DEFINITIONS = (
					"DEBUG=1",
					"$(inherited)",
				);
				GCC_WARN_64_TO_32_BIT_CONVERSION = YES;
				GCC_WARN_ABOUT_RETURN_TYPE = YES_ERROR;
				GCC_WARN_UNDECLARED_SELECTOR = YES;
				GCC_WARN_UNINITIALIZED_AUTOS = YES_AGGRESSIVE;
				GCC_WARN_UNUSED_FUNCTION = YES;
				GCC_WARN_UNUSED_VARIABLE = YES;
				IPHONEOS_DEPLOYMENT_TARGET = 9.3;
				MTL_ENABLE_DEBUG_INFO = YES;
				ONLY_ACTIVE_ARCH = YES;
				SDKROOT = iphoneos;
				TARGETED_DEVICE_FAMILY = "1,2";
				VERSIONING_SYSTEM = "apple-generic";
				VERSION_INFO_PREFIX = "";
			};
			name = Debug;
		};
		D81DC2981D393D8B00D48FCD /* Release */ = {
			isa = XCBuildConfiguration;
			buildSettings = {
				ALWAYS_SEARCH_USER_PATHS = NO;
				CLANG_ANALYZER_NONNULL = YES;
				CLANG_CXX_LANGUAGE_STANDARD = "gnu++0x";
				CLANG_CXX_LIBRARY = "libc++";
				CLANG_ENABLE_MODULES = YES;
				CLANG_ENABLE_OBJC_ARC = YES;
				CLANG_WARN_BOOL_CONVERSION = YES;
				CLANG_WARN_CONSTANT_CONVERSION = YES;
				CLANG_WARN_DIRECT_OBJC_ISA_USAGE = YES_ERROR;
				CLANG_WARN_EMPTY_BODY = YES;
				CLANG_WARN_ENUM_CONVERSION = YES;
				CLANG_WARN_INT_CONVERSION = YES;
				CLANG_WARN_OBJC_ROOT_CLASS = YES_ERROR;
				CLANG_WARN_UNREACHABLE_CODE = YES;
				CLANG_WARN__DUPLICATE_METHOD_MATCH = YES;
				"CODE_SIGN_IDENTITY[sdk=iphoneos*]" = "iPhone Developer";
				COPY_PHASE_STRIP = NO;
				CURRENT_PROJECT_VERSION = 1;
				DEBUG_INFORMATION_FORMAT = "dwarf-with-dsym";
				ENABLE_NS_ASSERTIONS = NO;
				ENABLE_STRICT_OBJC_MSGSEND = YES;
				GCC_C_LANGUAGE_STANDARD = gnu99;
				GCC_NO_COMMON_BLOCKS = YES;
				GCC_WARN_64_TO_32_BIT_CONVERSION = YES;
				GCC_WARN_ABOUT_RETURN_TYPE = YES_ERROR;
				GCC_WARN_UNDECLARED_SELECTOR = YES;
				GCC_WARN_UNINITIALIZED_AUTOS = YES_AGGRESSIVE;
				GCC_WARN_UNUSED_FUNCTION = YES;
				GCC_WARN_UNUSED_VARIABLE = YES;
				IPHONEOS_DEPLOYMENT_TARGET = 9.3;
				MTL_ENABLE_DEBUG_INFO = NO;
				SDKROOT = iphoneos;
				TARGETED_DEVICE_FAMILY = "1,2";
				VALIDATE_PRODUCT = YES;
				VERSIONING_SYSTEM = "apple-generic";
				VERSION_INFO_PREFIX = "";
			};
			name = Release;
		};
		D81DC29A1D393D8B00D48FCD /* Debug */ = {
			isa = XCBuildConfiguration;
			buildSettings = {
				DEFINES_MODULE = YES;
				DYLIB_COMPATIBILITY_VERSION = 1;
				DYLIB_CURRENT_VERSION = 1;
				DYLIB_INSTALL_NAME_BASE = "@rpath";
				INFOPLIST_FILE = MFSideMenu/Info.plist;
				INSTALL_PATH = "$(LOCAL_LIBRARY_DIR)/Frameworks";
				IPHONEOS_DEPLOYMENT_TARGET = 8.0;
				LD_RUNPATH_SEARCH_PATHS = "$(inherited) @executable_path/Frameworks @loader_path/Frameworks";
				PRODUCT_BUNDLE_IDENTIFIER = com.kilograpp.MFSideMenu;
				PRODUCT_NAME = "$(TARGET_NAME)";
				SKIP_INSTALL = YES;
			};
			name = Debug;
		};
		D81DC29B1D393D8B00D48FCD /* Release */ = {
			isa = XCBuildConfiguration;
			buildSettings = {
				DEFINES_MODULE = YES;
				DYLIB_COMPATIBILITY_VERSION = 1;
				DYLIB_CURRENT_VERSION = 1;
				DYLIB_INSTALL_NAME_BASE = "@rpath";
				INFOPLIST_FILE = MFSideMenu/Info.plist;
				INSTALL_PATH = "$(LOCAL_LIBRARY_DIR)/Frameworks";
				IPHONEOS_DEPLOYMENT_TARGET = 8.0;
				LD_RUNPATH_SEARCH_PATHS = "$(inherited) @executable_path/Frameworks @loader_path/Frameworks";
				PRODUCT_BUNDLE_IDENTIFIER = com.kilograpp.MFSideMenu;
				PRODUCT_NAME = "$(TARGET_NAME)";
				SKIP_INSTALL = YES;
			};
			name = Release;
		};
/* End XCBuildConfiguration section */

/* Begin XCConfigurationList section */
		D81DC28B1D393D8B00D48FCD /* Build configuration list for PBXProject "MFSideMenu" */ = {
			isa = XCConfigurationList;
			buildConfigurations = (
				D81DC2971D393D8B00D48FCD /* Debug */,
				D81DC2981D393D8B00D48FCD /* Release */,
			);
			defaultConfigurationIsVisible = 0;
			defaultConfigurationName = Release;
		};
		D81DC2991D393D8B00D48FCD /* Build configuration list for PBXNativeTarget "MFSideMenu" */ = {
			isa = XCConfigurationList;
			buildConfigurations = (
				D81DC29A1D393D8B00D48FCD /* Debug */,
				D81DC29B1D393D8B00D48FCD /* Release */,
			);
			defaultConfigurationIsVisible = 0;
			defaultConfigurationName = Release;
		};
/* End XCConfigurationList section */
	};
	rootObject = D81DC2881D393D8B00D48FCD /* Project object */;
}
